Microsoft Visual Studio Solution File, Format Version 12.00
# Visual Studio Version 17
VisualStudioVersion = 17.5.2.0
MinimumVisualStudioVersion = 10.0.40219.1
Project("{FAE04EC0-301F-11D3-BF4B-00C04F79EFBC}") = "Sesion4-App", "Sesion4-App\Sesion4-App.csproj", "{792125C2-9C55-89E0-434E-00C3F01BE21F}"
EndProject
Global
	GlobalSection(SolutionConfigurationPlatforms) = preSolution
		Debug|Any CPU = Debug|Any CPU
		Release|Any CPU = Release|Any CPU
	EndGlobalSection
	GlobalSection(ProjectConfigurationPlatforms) = postSolution
		{792125C2-9C55-89E0-434E-00C3F01BE21F}.Debug|Any CPU.ActiveCfg = Debug|Any CPU
		{792125C2-9C55-89E0-434E-00C3F01BE21F}.Debug|Any CPU.Build.0 = Debug|Any CPU
		{792125C2-9C55-89E0-434E-00C3F01BE21F}.Release|Any CPU.ActiveCfg = Release|Any CPU
		{792125C2-9C55-89E0-434E-00C3F01BE21F}.Release|Any CPU.Build.0 = Release|Any CPU
	EndGlobalSection
	GlobalSection(SolutionProperties) = preSolution
		HideSolutionNode = FALSE
	EndGlobalSection
	GlobalSection(ExtensibilityGlobals) = postSolution
		SolutionGuid = {5AC41F93-CFE4-45E1-A6B4-9BB68FA302E6}
	EndGlobalSection
EndGlobal
